// !$*UTF8*$!
{
	archiveVersion = 1;
	classes = {
	};
	objectVersion = 56;
	objects = {

/* Begin PBXBuildFile section */
		E96753082A11F50800D3B5FA /* CopyURLS+CoreDataClass.swift in Sources */ = {isa = PBXBuildFile; fileRef = E96753062A11F50800D3B5FA /* CopyURLS+CoreDataClass.swift */; };
		E96753092A11F50800D3B5FA /* CopyURLS+CoreDataProperties.swift in Sources */ = {isa = PBXBuildFile; fileRef = E96753072A11F50800D3B5FA /* CopyURLS+CoreDataProperties.swift */; };
		E967530D2A11F55A00D3B5FA /* DatabaseHandler.swift in Sources */ = {isa = PBXBuildFile; fileRef = E967530C2A11F55A00D3B5FA /* DatabaseHandler.swift */; };
		E967530F2A11F59200D3B5FA /* PersistanceStorage.swift in Sources */ = {isa = PBXBuildFile; fileRef = E967530E2A11F59200D3B5FA /* PersistanceStorage.swift */; };
		E96753112A123DAF00D3B5FA /* DirectoryPresenter.swift in Sources */ = {isa = PBXBuildFile; fileRef = E96753102A123DAF00D3B5FA /* DirectoryPresenter.swift */; };
		E97AEC8C2A0DF78500E14842 /* DocumetsPresenter.swift in Sources */ = {isa = PBXBuildFile; fileRef = E97AEC8B2A0DF78500E14842 /* DocumetsPresenter.swift */; };
		E9C1C97F2A0A0A330078932D /* AppDelegate.swift in Sources */ = {isa = PBXBuildFile; fileRef = E9C1C97E2A0A0A330078932D /* AppDelegate.swift */; };
		E9C1C9812A0A0A330078932D /* SceneDelegate.swift in Sources */ = {isa = PBXBuildFile; fileRef = E9C1C9802A0A0A330078932D /* SceneDelegate.swift */; };
		E9C1C9862A0A0A330078932D /* Main.storyboard in Resources */ = {isa = PBXBuildFile; fileRef = E9C1C9842A0A0A330078932D /* Main.storyboard */; };
		E9C1C9892A0A0A330078932D /* DocumentManagementSystem.xcdatamodeld in Sources */ = {isa = PBXBuildFile; fileRef = E9C1C9872A0A0A330078932D /* DocumentManagementSystem.xcdatamodeld */; };
		E9C1C98B2A0A0A340078932D /* Assets.xcassets in Resources */ = {isa = PBXBuildFile; fileRef = E9C1C98A2A0A0A340078932D /* Assets.xcassets */; };
		E9C1C98E2A0A0A340078932D /* LaunchScreen.storyboard in Resources */ = {isa = PBXBuildFile; fileRef = E9C1C98C2A0A0A340078932D /* LaunchScreen.storyboard */; };
		E9C1C9992A0A1F560078932D /* BiometricAuth.swift in Sources */ = {isa = PBXBuildFile; fileRef = E9C1C9982A0A1F560078932D /* BiometricAuth.swift */; };
		E9C1C99F2A0A59BD0078932D /* DirectoriesTableViewCell.swift in Sources */ = {isa = PBXBuildFile; fileRef = E9C1C99E2A0A59BD0078932D /* DirectoriesTableViewCell.swift */; };
		E9C1C9A12A0A59E20078932D /* DirectoriesTableViewController.swift in Sources */ = {isa = PBXBuildFile; fileRef = E9C1C9A02A0A59E20078932D /* DirectoriesTableViewController.swift */; };
		E9D3471F2A0B60E8000FE527 /* Manager.swift in Sources */ = {isa = PBXBuildFile; fileRef = E9D3471E2A0B60E8000FE527 /* Manager.swift */; };
		E9D4949E2A0A87340000DB7D /* DocumentsTableViewController.swift in Sources */ = {isa = PBXBuildFile; fileRef = E9D4949D2A0A87340000DB7D /* DocumentsTableViewController.swift */; };
		E9D494A02A0A876E0000DB7D /* DocumentsTableViewCell.swift in Sources */ = {isa = PBXBuildFile; fileRef = E9D4949F2A0A876E0000DB7D /* DocumentsTableViewCell.swift */; };
/* End PBXBuildFile section */

/* Begin PBXFileReference section */
		E96753062A11F50800D3B5FA /* CopyURLS+CoreDataClass.swift */ = {isa = PBXFileReference; lastKnownFileType = sourcecode.swift; path = "CopyURLS+CoreDataClass.swift"; sourceTree = "<group>"; };
		E96753072A11F50800D3B5FA /* CopyURLS+CoreDataProperties.swift */ = {isa = PBXFileReference; lastKnownFileType = sourcecode.swift; path = "CopyURLS+CoreDataProperties.swift"; sourceTree = "<group>"; };
		E967530C2A11F55A00D3B5FA /* DatabaseHandler.swift */ = {isa = PBXFileReference; lastKnownFileType = sourcecode.swift; path = DatabaseHandler.swift; sourceTree = "<group>"; };
		E967530E2A11F59200D3B5FA /* PersistanceStorage.swift */ = {isa = PBXFileReference; lastKnownFileType = sourcecode.swift; path = PersistanceStorage.swift; sourceTree = "<group>"; };
		E96753102A123DAF00D3B5FA /* DirectoryPresenter.swift */ = {isa = PBXFileReference; lastKnownFileType = sourcecode.swift; path = DirectoryPresenter.swift; sourceTree = "<group>"; };
		E97AEC8B2A0DF78500E14842 /* DocumetsPresenter.swift */ = {isa = PBXFileReference; lastKnownFileType = sourcecode.swift; path = DocumetsPresenter.swift; sourceTree = "<group>"; };
		E9C1C97B2A0A0A330078932D /* DocumentManagementSystem.app */ = {isa = PBXFileReference; explicitFileType = wrapper.application; includeInIndex = 0; path = DocumentManagementSystem.app; sourceTree = BUILT_PRODUCTS_DIR; };
		E9C1C97E2A0A0A330078932D /* AppDelegate.swift */ = {isa = PBXFileReference; lastKnownFileType = sourcecode.swift; path = AppDelegate.swift; sourceTree = "<group>"; };
		E9C1C9802A0A0A330078932D /* SceneDelegate.swift */ = {isa = PBXFileReference; lastKnownFileType = sourcecode.swift; path = SceneDelegate.swift; sourceTree = "<group>"; };
		E9C1C9852A0A0A330078932D /* Base */ = {isa = PBXFileReference; lastKnownFileType = file.storyboard; name = Base; path = Base.lproj/Main.storyboard; sourceTree = "<group>"; };
		E9C1C9882A0A0A330078932D /* DocumentManagementSystem.xcdatamodel */ = {isa = PBXFileReference; lastKnownFileType = wrapper.xcdatamodel; path = DocumentManagementSystem.xcdatamodel; sourceTree = "<group>"; };
		E9C1C98A2A0A0A340078932D /* Assets.xcassets */ = {isa = PBXFileReference; lastKnownFileType = folder.assetcatalog; path = Assets.xcassets; sourceTree = "<group>"; };
		E9C1C98D2A0A0A340078932D /* Base */ = {isa = PBXFileReference; lastKnownFileType = file.storyboard; name = Base; path = Base.lproj/LaunchScreen.storyboard; sourceTree = "<group>"; };
		E9C1C98F2A0A0A340078932D /* Info.plist */ = {isa = PBXFileReference; lastKnownFileType = text.plist.xml; path = Info.plist; sourceTree = "<group>"; };
		E9C1C9982A0A1F560078932D /* BiometricAuth.swift */ = {isa = PBXFileReference; lastKnownFileType = sourcecode.swift; path = BiometricAuth.swift; sourceTree = "<group>"; };
		E9C1C99E2A0A59BD0078932D /* DirectoriesTableViewCell.swift */ = {isa = PBXFileReference; lastKnownFileType = sourcecode.swift; path = DirectoriesTableViewCell.swift; sourceTree = "<group>"; };
		E9C1C9A02A0A59E20078932D /* DirectoriesTableViewController.swift */ = {isa = PBXFileReference; lastKnownFileType = sourcecode.swift; path = DirectoriesTableViewController.swift; sourceTree = "<group>"; };
		E9D3471E2A0B60E8000FE527 /* Manager.swift */ = {isa = PBXFileReference; lastKnownFileType = sourcecode.swift; path = Manager.swift; sourceTree = "<group>"; };
		E9D4949D2A0A87340000DB7D /* DocumentsTableViewController.swift */ = {isa = PBXFileReference; lastKnownFileType = sourcecode.swift; path = DocumentsTableViewController.swift; sourceTree = "<group>"; };
		E9D4949F2A0A876E0000DB7D /* DocumentsTableViewCell.swift */ = {isa = PBXFileReference; lastKnownFileType = sourcecode.swift; path = DocumentsTableViewCell.swift; sourceTree = "<group>"; };
/* End PBXFileReference section */

/* Begin PBXFrameworksBuildPhase section */
		E9C1C9782A0A0A330078932D /* Frameworks */ = {
			isa = PBXFrameworksBuildPhase;
			buildActionMask = 2147483647;
			files = (
			);
			runOnlyForDeploymentPostprocessing = 0;
		};
/* End PBXFrameworksBuildPhase section */

/* Begin PBXGroup section */
		E967530A2A11F51600D3B5FA /* Coredata */ = {
			isa = PBXGroup;
			children = (
				E96753062A11F50800D3B5FA /* CopyURLS+CoreDataClass.swift */,
				E96753072A11F50800D3B5FA /* CopyURLS+CoreDataProperties.swift */,
				E967530E2A11F59200D3B5FA /* PersistanceStorage.swift */,
			);
			path = Coredata;
			sourceTree = "<group>";
		};
		E967530B2A11F54800D3B5FA /* DatabaeHandler */ = {
			isa = PBXGroup;
			children = (
				E967530C2A11F55A00D3B5FA /* DatabaseHandler.swift */,
			);
			path = DatabaeHandler;
			sourceTree = "<group>";
		};
		E9C1C9722A0A0A320078932D = {
			isa = PBXGroup;
			children = (
				E9C1C97D2A0A0A330078932D /* DocumentManagementSystem */,
				E9C1C97C2A0A0A330078932D /* Products */,
			);
			sourceTree = "<group>";
		};
		E9C1C97C2A0A0A330078932D /* Products */ = {
			isa = PBXGroup;
			children = (
				E9C1C97B2A0A0A330078932D /* DocumentManagementSystem.app */,
			);
			name = Products;
			sourceTree = "<group>";
		};
		E9C1C97D2A0A0A330078932D /* DocumentManagementSystem */ = {
			isa = PBXGroup;
			children = (
				E9C1C9952A0A0A480078932D /* Application */,
				E967530B2A11F54800D3B5FA /* DatabaeHandler */,
				E967530A2A11F51600D3B5FA /* Coredata */,
				E9D3471B2A0B514C000FE527 /* FileManager */,
				E9C1C99A2A0A2C880078932D /* BoimatricAuth */,
				E9C1C9972A0A1EF70078932D /* Screens */,
				E9C1C9962A0A0A5B0078932D /* StoryBoard */,
				E9C1C98A2A0A0A340078932D /* Assets.xcassets */,
				E9C1C98F2A0A0A340078932D /* Info.plist */,
				E9C1C9872A0A0A330078932D /* DocumentManagementSystem.xcdatamodeld */,
			);
			path = DocumentManagementSystem;
			sourceTree = "<group>";
		};
		E9C1C9952A0A0A480078932D /* Application */ = {
			isa = PBXGroup;
			children = (
				E9C1C97E2A0A0A330078932D /* AppDelegate.swift */,
				E9C1C9802A0A0A330078932D /* SceneDelegate.swift */,
			);
			path = Application;
			sourceTree = "<group>";
		};
		E9C1C9962A0A0A5B0078932D /* StoryBoard */ = {
			isa = PBXGroup;
			children = (
				E9C1C9842A0A0A330078932D /* Main.storyboard */,
				E9C1C98C2A0A0A340078932D /* LaunchScreen.storyboard */,
			);
			path = StoryBoard;
			sourceTree = "<group>";
		};
		E9C1C9972A0A1EF70078932D /* Screens */ = {
			isa = PBXGroup;
			children = (
				E9D4949C2A0A870A0000DB7D /* Documents */,
				E9C1C99D2A0A599F0078932D /* Directories */,
			);
			path = Screens;
			sourceTree = "<group>";
		};
		E9C1C99A2A0A2C880078932D /* BoimatricAuth */ = {
			isa = PBXGroup;
			children = (
				E9C1C9982A0A1F560078932D /* BiometricAuth.swift */,
			);
			path = BoimatricAuth;
			sourceTree = "<group>";
		};
		E9C1C99D2A0A599F0078932D /* Directories */ = {
			isa = PBXGroup;
			children = (
				E9C1C99E2A0A59BD0078932D /* DirectoriesTableViewCell.swift */,
				E9C1C9A02A0A59E20078932D /* DirectoriesTableViewController.swift */,
				E96753102A123DAF00D3B5FA /* DirectoryPresenter.swift */,
			);
			path = Directories;
			sourceTree = "<group>";
		};
		E9D3471B2A0B514C000FE527 /* FileManager */ = {
			isa = PBXGroup;
			children = (
				E9D3471E2A0B60E8000FE527 /* Manager.swift */,
			);
			path = FileManager;
			sourceTree = "<group>";
		};
		E9D4949C2A0A870A0000DB7D /* Documents */ = {
			isa = PBXGroup;
			children = (
				E9D4949D2A0A87340000DB7D /* DocumentsTableViewController.swift */,
				E9D4949F2A0A876E0000DB7D /* DocumentsTableViewCell.swift */,
				E97AEC8B2A0DF78500E14842 /* DocumetsPresenter.swift */,
			);
			path = Documents;
			sourceTree = "<group>";
		};
/* End PBXGroup section */

/* Begin PBXNativeTarget section */
		E9C1C97A2A0A0A330078932D /* DocumentManagementSystem */ = {
			isa = PBXNativeTarget;
			buildConfigurationList = E9C1C9922A0A0A340078932D /* Build configuration list for PBXNativeTarget "DocumentManagementSystem" */;
			buildPhases = (
				E9C1C9772A0A0A330078932D /* Sources */,
				E9C1C9782A0A0A330078932D /* Frameworks */,
				E9C1C9792A0A0A330078932D /* Resources */,
			);
			buildRules = (
			);
			dependencies = (
			);
			name = DocumentManagementSystem;
			packageProductDependencies = (
			);
			productName = DocumentManagementSystem;
			productReference = E9C1C97B2A0A0A330078932D /* DocumentManagementSystem.app */;
			productType = "com.apple.product-type.application";
		};
/* End PBXNativeTarget section */

/* Begin PBXProject section */
		E9C1C9732A0A0A320078932D /* Project object */ = {
			isa = PBXProject;
			attributes = {
				BuildIndependentTargetsInParallel = 1;
				LastSwiftUpdateCheck = 1420;
				LastUpgradeCheck = 1420;
				TargetAttributes = {
					E9C1C97A2A0A0A330078932D = {
						CreatedOnToolsVersion = 14.2;
					};
				};
			};
			buildConfigurationList = E9C1C9762A0A0A320078932D /* Build configuration list for PBXProject "DocumentManagementSystem" */;
			compatibilityVersion = "Xcode 14.0";
			developmentRegion = en;
			hasScannedForEncodings = 0;
			knownRegions = (
				en,
				Base,
			);
			mainGroup = E9C1C9722A0A0A320078932D;
			packageReferences = (
			);
			productRefGroup = E9C1C97C2A0A0A330078932D /* Products */;
			projectDirPath = "";
			projectRoot = "";
			targets = (
				E9C1C97A2A0A0A330078932D /* DocumentManagementSystem */,
			);
		};
/* End PBXProject section */

/* Begin PBXResourcesBuildPhase section */
		E9C1C9792A0A0A330078932D /* Resources */ = {
			isa = PBXResourcesBuildPhase;
			buildActionMask = 2147483647;
			files = (
				E9C1C98E2A0A0A340078932D /* LaunchScreen.storyboard in Resources */,
				E9C1C98B2A0A0A340078932D /* Assets.xcassets in Resources */,
				E9C1C9862A0A0A330078932D /* Main.storyboard in Resources */,
			);
			runOnlyForDeploymentPostprocessing = 0;
		};
/* End PBXResourcesBuildPhase section */

/* Begin PBXSourcesBuildPhase section */
		E9C1C9772A0A0A330078932D /* Sources */ = {
			isa = PBXSourcesBuildPhase;
			buildActionMask = 2147483647;
			files = (
				E9D494A02A0A876E0000DB7D /* DocumentsTableViewCell.swift in Sources */,
				E9C1C9992A0A1F560078932D /* BiometricAuth.swift in Sources */,
				E97AEC8C2A0DF78500E14842 /* DocumetsPresenter.swift in Sources */,
				E967530F2A11F59200D3B5FA /* PersistanceStorage.swift in Sources */,
				E967530D2A11F55A00D3B5FA /* DatabaseHandler.swift in Sources */,
				E9C1C97F2A0A0A330078932D /* AppDelegate.swift in Sources */,
				E9D4949E2A0A87340000DB7D /* DocumentsTableViewController.swift in Sources */,
				E9C1C99F2A0A59BD0078932D /* DirectoriesTableViewCell.swift in Sources */,
				E9C1C9892A0A0A330078932D /* DocumentManagementSystem.xcdatamodeld in Sources */,
				E9C1C9812A0A0A330078932D /* SceneDelegate.swift in Sources */,
				E96753112A123DAF00D3B5FA /* DirectoryPresenter.swift in Sources */,
				E96753092A11F50800D3B5FA /* CopyURLS+CoreDataProperties.swift in Sources */,
				E96753082A11F50800D3B5FA /* CopyURLS+CoreDataClass.swift in Sources */,
				E9C1C9A12A0A59E20078932D /* DirectoriesTableViewController.swift in Sources */,
				E9D3471F2A0B60E8000FE527 /* Manager.swift in Sources */,
			);
			runOnlyForDeploymentPostprocessing = 0;
		};
/* End PBXSourcesBuildPhase section */

/* Begin PBXVariantGroup section */
		E9C1C9842A0A0A330078932D /* Main.storyboard */ = {
			isa = PBXVariantGroup;
			children = (
				E9C1C9852A0A0A330078932D /* Base */,
			);
			name = Main.storyboard;
			sourceTree = "<group>";
		};
		E9C1C98C2A0A0A340078932D /* LaunchScreen.storyboard */ = {
			isa = PBXVariantGroup;
			children = (
				E9C1C98D2A0A0A340078932D /* Base */,
			);
			name = LaunchScreen.storyboard;
			sourceTree = "<group>";
		};
/* End PBXVariantGroup section */

/* Begin XCBuildConfiguration section */
		E9C1C9902A0A0A340078932D /* Debug */ = {
			isa = XCBuildConfiguration;
			buildSettings = {
				ALWAYS_SEARCH_USER_PATHS = NO;
				CLANG_ANALYZER_NONNULL = YES;
				CLANG_ANALYZER_NUMBER_OBJECT_CONVERSION = YES_AGGRESSIVE;
				CLANG_CXX_LANGUAGE_STANDARD = "gnu++20";
				CLANG_ENABLE_MODULES = YES;
				CLANG_ENABLE_OBJC_ARC = YES;
				CLANG_ENABLE_OBJC_WEAK = YES;
				CLANG_WARN_BLOCK_CAPTURE_AUTORELEASING = YES;
				CLANG_WARN_BOOL_CONVERSION = YES;
				CLANG_WARN_COMMA = YES;
				CLANG_WARN_CONSTANT_CONVERSION = YES;
				CLANG_WARN_DEPRECATED_OBJC_IMPLEMENTATIONS = YES;
				CLANG_WARN_DIRECT_OBJC_ISA_USAGE = YES_ERROR;
				CLANG_WARN_DOCUMENTATION_COMMENTS = YES;
				CLANG_WARN_EMPTY_BODY = YES;
				CLANG_WARN_ENUM_CONVERSION = YES;
				CLANG_WARN_INFINITE_RECURSION = YES;
				CLANG_WARN_INT_CONVERSION = YES;
				CLANG_WARN_NON_LITERAL_NULL_CONVERSION = YES;
				CLANG_WARN_OBJC_IMPLICIT_RETAIN_SELF = YES;
				CLANG_WARN_OBJC_LITERAL_CONVERSION = YES;
				CLANG_WARN_OBJC_ROOT_CLASS = YES_ERROR;
				CLANG_WARN_QUOTED_INCLUDE_IN_FRAMEWORK_HEADER = YES;
				CLANG_WARN_RANGE_LOOP_ANALYSIS = YES;
				CLANG_WARN_STRICT_PROTOTYPES = YES;
				CLANG_WARN_SUSPICIOUS_MOVE = YES;
				CLANG_WARN_UNGUARDED_AVAILABILITY = YES_AGGRESSIVE;
				CLANG_WARN_UNREACHABLE_CODE = YES;
				CLANG_WARN__DUPLICATE_METHOD_MATCH = YES;
				COPY_PHASE_STRIP = NO;
				DEBUG_INFORMATION_FORMAT = dwarf;
				ENABLE_STRICT_OBJC_MSGSEND = YES;
				ENABLE_TESTABILITY = YES;
				GCC_C_LANGUAGE_STANDARD = gnu11;
				GCC_DYNAMIC_NO_PIC = NO;
				GCC_NO_COMMON_BLOCKS = YES;
				GCC_OPTIMIZATION_LEVEL = 0;
				GCC_PREPROCESSOR_DEFINITIONS = (
					"DEBUG=1",
					"$(inherited)",
				);
				GCC_WARN_64_TO_32_BIT_CONVERSION = YES;
				GCC_WARN_ABOUT_RETURN_TYPE = YES_ERROR;
				GCC_WARN_UNDECLARED_SELECTOR = YES;
				GCC_WARN_UNINITIALIZED_AUTOS = YES_AGGRESSIVE;
				GCC_WARN_UNUSED_FUNCTION = YES;
				GCC_WARN_UNUSED_VARIABLE = YES;
				IPHONEOS_DEPLOYMENT_TARGET = 16.2;
				MTL_ENABLE_DEBUG_INFO = INCLUDE_SOURCE;
				MTL_FAST_MATH = YES;
				ONLY_ACTIVE_ARCH = YES;
				SDKROOT = iphoneos;
				SWIFT_ACTIVE_COMPILATION_CONDITIONS = DEBUG;
				SWIFT_OPTIMIZATION_LEVEL = "-Onone";
			};
			name = Debug;
		};
		E9C1C9912A0A0A340078932D /* Release */ = {
			isa = XCBuildConfiguration;
			buildSettings = {
				ALWAYS_SEARCH_USER_PATHS = NO;
				CLANG_ANALYZER_NONNULL = YES;
				CLANG_ANALYZER_NUMBER_OBJECT_CONVERSION = YES_AGGRESSIVE;
				CLANG_CXX_LANGUAGE_STANDARD = "gnu++20";
				CLANG_ENABLE_MODULES = YES;
				CLANG_ENABLE_OBJC_ARC = YES;
				CLANG_ENABLE_OBJC_WEAK = YES;
				CLANG_WARN_BLOCK_CAPTURE_AUTORELEASING = YES;
				CLANG_WARN_BOOL_CONVERSION = YES;
				CLANG_WARN_COMMA = YES;
				CLANG_WARN_CONSTANT_CONVERSION = YES;
				CLANG_WARN_DEPRECATED_OBJC_IMPLEMENTATIONS = YES;
				CLANG_WARN_DIRECT_OBJC_ISA_USAGE = YES_ERROR;
				CLANG_WARN_DOCUMENTATION_COMMENTS = YES;
				CLANG_WARN_EMPTY_BODY = YES;
				CLANG_WARN_ENUM_CONVERSION = YES;
				CLANG_WARN_INFINITE_RECURSION = YES;
				CLANG_WARN_INT_CONVERSION = YES;
				CLANG_WARN_NON_LITERAL_NULL_CONVERSION = YES;
				CLANG_WARN_OBJC_IMPLICIT_RETAIN_SELF = YES;
				CLANG_WARN_OBJC_LITERAL_CONVERSION = YES;
				CLANG_WARN_OBJC_ROOT_CLASS = YES_ERROR;
				CLANG_WARN_QUOTED_INCLUDE_IN_FRAMEWORK_HEADER = YES;
				CLANG_WARN_RANGE_LOOP_ANALYSIS = YES;
				CLANG_WARN_STRICT_PROTOTYPES = YES;
				CLANG_WARN_SUSPICIOUS_MOVE = YES;
				CLANG_WARN_UNGUARDED_AVAILABILITY = YES_AGGRESSIVE;
				CLANG_WARN_UNREACHABLE_CODE = YES;
				CLANG_WARN__DUPLICATE_METHOD_MATCH = YES;
				COPY_PHASE_STRIP = NO;
				DEBUG_INFORMATION_FORMAT = "dwarf-with-dsym";
				ENABLE_NS_ASSERTIONS = NO;
				ENABLE_STRICT_OBJC_MSGSEND = YES;
				GCC_C_LANGUAGE_STANDARD = gnu11;
				GCC_NO_COMMON_BLOCKS = YES;
				GCC_WARN_64_TO_32_BIT_CONVERSION = YES;
				GCC_WARN_ABOUT_RETURN_TYPE = YES_ERROR;
				GCC_WARN_UNDECLARED_SELECTOR = YES;
				GCC_WARN_UNINITIALIZED_AUTOS = YES_AGGRESSIVE;
				GCC_WARN_UNUSED_FUNCTION = YES;
				GCC_WARN_UNUSED_VARIABLE = YES;
				IPHONEOS_DEPLOYMENT_TARGET = 16.2;
				MTL_ENABLE_DEBUG_INFO = NO;
				MTL_FAST_MATH = YES;
				SDKROOT = iphoneos;
				SWIFT_COMPILATION_MODE = wholemodule;
				SWIFT_OPTIMIZATION_LEVEL = "-O";
				VALIDATE_PRODUCT = YES;
			};
			name = Release;
		};
		E9C1C9932A0A0A340078932D /* Debug */ = {
			isa = XCBuildConfiguration;
			buildSettings = {
				ASSETCATALOG_COMPILER_APPICON_NAME = AppIcon;
				ASSETCATALOG_COMPILER_GLOBAL_ACCENT_COLOR_NAME = AccentColor;
				CODE_SIGN_STYLE = Automatic;
				CURRENT_PROJECT_VERSION = 1;
				DEVELOPMENT_TEAM = 9QENQ8L5FD;
				GENERATE_INFOPLIST_FILE = YES;
				INFOPLIST_FILE = DocumentManagementSystem/Info.plist;
				INFOPLIST_KEY_NSFaceIDUsageDescription = "Please allow to use appid / touch id";
				INFOPLIST_KEY_UIApplicationSupportsIndirectInputEvents = YES;
				INFOPLIST_KEY_UILaunchStoryboardName = LaunchScreen;
				INFOPLIST_KEY_UIMainStoryboardFile = Main;
				INFOPLIST_KEY_UISupportedInterfaceOrientations_iPad = "UIInterfaceOrientationPortrait UIInterfaceOrientationPortraitUpsideDown UIInterfaceOrientationLandscapeLeft UIInterfaceOrientationLandscapeRight";
				INFOPLIST_KEY_UISupportedInterfaceOrientations_iPhone = "UIInterfaceOrientationPortrait UIInterfaceOrientationLandscapeLeft UIInterfaceOrientationLandscapeRight";
				IPHONEOS_DEPLOYMENT_TARGET = 15.0;
				LD_RUNPATH_SEARCH_PATHS = (
					"$(inherited)",
					"@executable_path/Frameworks",
				);
				MARKETING_VERSION = 1.0;
				PRODUCT_BUNDLE_IDENTIFIER = com.thetatechnolabs.documentdemo.d;
				PRODUCT_NAME = "$(TARGET_NAME)";
				SWIFT_EMIT_LOC_STRINGS = YES;
				SWIFT_VERSION = 5.0;
				TARGETED_DEVICE_FAMILY = "1,2";
			};
			name = Debug;
		};
		E9C1C9942A0A0A340078932D /* Release */ = {
			isa = XCBuildConfiguration;
			buildSettings = {
				ASSETCATALOG_COMPILER_APPICON_NAME = AppIcon;
				ASSETCATALOG_COMPILER_GLOBAL_ACCENT_COLOR_NAME = AccentColor;
				CODE_SIGN_STYLE = Automatic;
				CURRENT_PROJECT_VERSION = 1;
				DEVELOPMENT_TEAM = 9QENQ8L5FD;
				GENERATE_INFOPLIST_FILE = YES;
				INFOPLIST_FILE = DocumentManagementSystem/Info.plist;
				INFOPLIST_KEY_NSFaceIDUsageDescription = "Please allow to use appid / touch id";
				INFOPLIST_KEY_UIApplicationSupportsIndirectInputEvents = YES;
				INFOPLIST_KEY_UILaunchStoryboardName = LaunchScreen;
				INFOPLIST_KEY_UIMainStoryboardFile = Main;
				INFOPLIST_KEY_UISupportedInterfaceOrientations_iPad = "UIInterfaceOrientationPortrait UIInterfaceOrientationPortraitUpsideDown UIInterfaceOrientationLandscapeLeft UIInterfaceOrientationLandscapeRight";
				INFOPLIST_KEY_UISupportedInterfaceOrientations_iPhone = "UIInterfaceOrientationPortrait UIInterfaceOrientationLandscapeLeft UIInterfaceOrientationLandscapeRight";
				IPHONEOS_DEPLOYMENT_TARGET = 15.0;
				LD_RUNPATH_SEARCH_PATHS = (
					"$(inherited)",
					"@executable_path/Frameworks",
				);
				MARKETING_VERSION = 1.0;
				PRODUCT_BUNDLE_IDENTIFIER = com.thetatechnolabs.documentdemo.d;
				PRODUCT_NAME = "$(TARGET_NAME)";
				SWIFT_EMIT_LOC_STRINGS = YES;
				SWIFT_VERSION = 5.0;
				TARGETED_DEVICE_FAMILY = "1,2";
			};
			name = Release;
		};
/* End XCBuildConfiguration section */

/* Begin XCConfigurationList section */
		E9C1C9762A0A0A320078932D /* Build configuration list for PBXProject "DocumentManagementSystem" */ = {
			isa = XCConfigurationList;
			buildConfigurations = (
				E9C1C9902A0A0A340078932D /* Debug */,
				E9C1C9912A0A0A340078932D /* Release */,
			);
			defaultConfigurationIsVisible = 0;
			defaultConfigurationName = Release;
		};
		E9C1C9922A0A0A340078932D /* Build configuration list for PBXNativeTarget "DocumentManagementSystem" */ = {
			isa = XCConfigurationList;
			buildConfigurations = (
				E9C1C9932A0A0A340078932D /* Debug */,
				E9C1C9942A0A0A340078932D /* Release */,
			);
			defaultConfigurationIsVisible = 0;
			defaultConfigurationName = Release;
		};
/* End XCConfigurationList section */

/* Begin XCVersionGroup section */
		E9C1C9872A0A0A330078932D /* DocumentManagementSystem.xcdatamodeld */ = {
			isa = XCVersionGroup;
			children = (
				E9C1C9882A0A0A330078932D /* DocumentManagementSystem.xcdatamodel */,
			);
			currentVersion = E9C1C9882A0A0A330078932D /* DocumentManagementSystem.xcdatamodel */;
			path = DocumentManagementSystem.xcdatamodeld;
			sourceTree = "<group>";
			versionGroupType = wrapper.xcdatamodel;
		};
/* End XCVersionGroup section */
	};
	rootObject = E9C1C9732A0A0A320078932D /* Project object */;
}
